
Microsoft Visual Studio Solution File, Format Version 12.00
# Visual Studio 15
VisualStudioVersion = 15.0.28010.2003
MinimumVisualStudioVersion = 10.0.40219.1
Project("{FAE04EC0-301F-11D3-BF4B-00C04F79EFBC}") = "ZoneRecoveryAlgorithmTests", "ZoneRecoveryAlgorithmTests\ZoneRecoveryAlgorithmTests.csproj", "{562EB0D1-CD70-418A-B11E-AE23547CED28}"
EndProject
Project("{9A19103F-16F7-4668-BE54-9A1E7A4F7556}") = "ZoneRecoveryAlgorithm", "ZoneRecoveryAlgorithm\ZoneRecoveryAlgorithm.csproj", "{ABB14B2D-1695-4437-8973-61CCC80E8444}"
EndProject
Global
	GlobalSection(SolutionConfigurationPlatforms) = preSolution
		Debug|Any CPU = Debug|Any CPU
		Release|Any CPU = Release|Any CPU
	EndGlobalSection
	GlobalSection(ProjectConfigurationPlatforms) = postSolution
		{562EB0D1-CD70-418A-B11E-AE23547CED28}.Debug|Any CPU.ActiveCfg = Debug|Any CPU
		{562EB0D1-CD70-418A-B11E-AE23547CED28}.Debug|Any CPU.Build.0 = Debug|Any CPU
		{562EB0D1-CD70-418A-B11E-AE23547CED28}.Release|Any CPU.ActiveCfg = Release|Any CPU
		{562EB0D1-CD70-418A-B11E-AE23547CED28}.Release|Any CPU.Build.0 = Release|Any CPU
		{ABB14B2D-1695-4437-8973-61CCC80E8444}.Debug|Any CPU.ActiveCfg = Debug|Any CPU
		{ABB14B2D-1695-4437-8973-61CCC80E8444}.Debug|Any CPU.Build.0 = Debug|Any CPU
		{ABB14B2D-1695-4437-8973-61CCC80E8444}.Release|Any CPU.ActiveCfg = Release|Any CPU
		{ABB14B2D-1695-4437-8973-61CCC80E8444}.Release|Any CPU.Build.0 = Release|Any CPU
	EndGlobalSection
	GlobalSection(SolutionProperties) = preSolution
		HideSolutionNode = FALSE
	EndGlobalSection
	GlobalSection(ExtensibilityGlobals) = postSolution
		SolutionGuid = {6C76ECF6-6839-42E5-B546-9D9E5D6D2B55}
	EndGlobalSection
EndGlobal
