
Microsoft Visual Studio Solution File, Format Version 12.00
# Visual Studio 15
VisualStudioVersion = 15.0.28010.2003
MinimumVisualStudioVersion = 10.0.40219.1
Project("{FAE04EC0-301F-11D3-BF4B-00C04F79EFBC}") = "ZoneRecovery", "ZoneRecovery\ZoneRecovery.csproj", "{FA0636C4-122E-4527-84DA-2D39E17A60A4}"
EndProject
Project("{FAE04EC0-301F-11D3-BF4B-00C04F79EFBC}") = "ZoneRecoveryTests", "ZoneRecoveryCalculatorTests\ZoneRecoveryTests.csproj", "{ADB4BB9E-E645-4EED-B51C-E4D3CE8D895E}"
EndProject
Global
	GlobalSection(SolutionConfigurationPlatforms) = preSolution
		Debug|Any CPU = Debug|Any CPU
		Release|Any CPU = Release|Any CPU
	EndGlobalSection
	GlobalSection(ProjectConfigurationPlatforms) = postSolution
		{FA0636C4-122E-4527-84DA-2D39E17A60A4}.Debug|Any CPU.ActiveCfg = Debug|Any CPU
		{FA0636C4-122E-4527-84DA-2D39E17A60A4}.Debug|Any CPU.Build.0 = Debug|Any CPU
		{FA0636C4-122E-4527-84DA-2D39E17A60A4}.Release|Any CPU.ActiveCfg = Release|Any CPU
		{FA0636C4-122E-4527-84DA-2D39E17A60A4}.Release|Any CPU.Build.0 = Release|Any CPU
		{ADB4BB9E-E645-4EED-B51C-E4D3CE8D895E}.Debug|Any CPU.ActiveCfg = Debug|Any CPU
		{ADB4BB9E-E645-4EED-B51C-E4D3CE8D895E}.Debug|Any CPU.Build.0 = Debug|Any CPU
		{ADB4BB9E-E645-4EED-B51C-E4D3CE8D895E}.Release|Any CPU.ActiveCfg = Release|Any CPU
		{ADB4BB9E-E645-4EED-B51C-E4D3CE8D895E}.Release|Any CPU.Build.0 = Release|Any CPU
	EndGlobalSection
	GlobalSection(SolutionProperties) = preSolution
		HideSolutionNode = FALSE
	EndGlobalSection
	GlobalSection(ExtensibilityGlobals) = postSolution
		SolutionGuid = {6C76ECF6-6839-42E5-B546-9D9E5D6D2B55}
	EndGlobalSection
EndGlobal
